
Microsoft Visual Studio Solution File, Format Version 12.00
# Visual Studio Version 16
VisualStudioVersion = 16.0.32106.194
MinimumVisualStudioVersion = 10.0.40219.1
Project("{FAE04EC0-301F-11D3-BF4B-00C04F79EFBC}") = "Lab2.UWP", "Lab2\Lab2.UWP\Lab2.UWP.csproj", "{F63813BA-FFC4-4285-A3C3-CBD3C16283FF}"
EndProject
Project("{FAE04EC0-301F-11D3-BF4B-00C04F79EFBC}") = "Lab2.Android", "Lab2\Lab2.Android\Lab2.Android.csproj", "{8B9854B8-F1D7-472E-A33D-DF104BFDF4BA}"
EndProject
Project("{FAE04EC0-301F-11D3-BF4B-00C04F79EFBC}") = "Lab2.iOS", "Lab2\Lab2.iOS\Lab2.iOS.csproj", "{3F87AFFE-7F0E-4960-9CD3-9ED2F26FBF95}"
EndProject
Project("{FAE04EC0-301F-11D3-BF4B-00C04F79EFBC}") = "Lab2", "Lab2\Lab2\Lab2.csproj", "{C02267CC-6D0B-47C9-84FA-933E2B1D7160}"
EndProject
Global
	GlobalSection(SolutionConfigurationPlatforms) = preSolution
		Debug|Any CPU = Debug|Any CPU
		Debug|ARM = Debug|ARM
		Debug|iPhone = Debug|iPhone
		Debug|iPhoneSimulator = Debug|iPhoneSimulator
		Debug|x64 = Debug|x64
		Debug|x86 = Debug|x86
		Release|Any CPU = Release|Any CPU
		Release|ARM = Release|ARM
		Release|iPhone = Release|iPhone
		Release|iPhoneSimulator = Release|iPhoneSimulator
		Release|x64 = Release|x64
		Release|x86 = Release|x86
	EndGlobalSection
	GlobalSection(ProjectConfigurationPlatforms) = postSolution
		{F63813BA-FFC4-4285-A3C3-CBD3C16283FF}.Debug|Any CPU.ActiveCfg = Debug|x86
		{F63813BA-FFC4-4285-A3C3-CBD3C16283FF}.Debug|Any CPU.Build.0 = Debug|x86
		{F63813BA-FFC4-4285-A3C3-CBD3C16283FF}.Debug|Any CPU.Deploy.0 = Debug|x86
		{F63813BA-FFC4-4285-A3C3-CBD3C16283FF}.Debug|ARM.ActiveCfg = Debug|ARM
		{F63813BA-FFC4-4285-A3C3-CBD3C16283FF}.Debug|ARM.Build.0 = Debug|ARM
		{F63813BA-FFC4-4285-A3C3-CBD3C16283FF}.Debug|ARM.Deploy.0 = Debug|ARM
		{F63813BA-FFC4-4285-A3C3-CBD3C16283FF}.Debug|iPhone.ActiveCfg = Debug|x86
		{F63813BA-FFC4-4285-A3C3-CBD3C16283FF}.Debug|iPhone.Build.0 = Debug|x86
		{F63813BA-FFC4-4285-A3C3-CBD3C16283FF}.Debug|iPhone.Deploy.0 = Debug|x86
		{F63813BA-FFC4-4285-A3C3-CBD3C16283FF}.Debug|iPhoneSimulator.ActiveCfg = Debug|x86
		{F63813BA-FFC4-4285-A3C3-CBD3C16283FF}.Debug|iPhoneSimulator.Build.0 = Debug|x86
		{F63813BA-FFC4-4285-A3C3-CBD3C16283FF}.Debug|iPhoneSimulator.Deploy.0 = Debug|x86
		{F63813BA-FFC4-4285-A3C3-CBD3C16283FF}.Debug|x64.ActiveCfg = Debug|x64
		{F63813BA-FFC4-4285-A3C3-CBD3C16283FF}.Debug|x64.Build.0 = Debug|x64
		{F63813BA-FFC4-4285-A3C3-CBD3C16283FF}.Debug|x64.Deploy.0 = Debug|x64
		{F63813BA-FFC4-4285-A3C3-CBD3C16283FF}.Debug|x86.ActiveCfg = Debug|x86
		{F63813BA-FFC4-4285-A3C3-CBD3C16283FF}.Debug|x86.Build.0 = Debug|x86
		{F63813BA-FFC4-4285-A3C3-CBD3C16283FF}.Debug|x86.Deploy.0 = Debug|x86
		{F63813BA-FFC4-4285-A3C3-CBD3C16283FF}.Release|Any CPU.ActiveCfg = Release|x86
		{F63813BA-FFC4-4285-A3C3-CBD3C16283FF}.Release|Any CPU.Build.0 = Release|x86
		{F63813BA-FFC4-4285-A3C3-CBD3C16283FF}.Release|Any CPU.Deploy.0 = Release|x86
		{F63813BA-FFC4-4285-A3C3-CBD3C16283FF}.Release|ARM.ActiveCfg = Release|ARM
		{F63813BA-FFC4-4285-A3C3-CBD3C16283FF}.Release|ARM.Build.0 = Release|ARM
		{F63813BA-FFC4-4285-A3C3-CBD3C16283FF}.Release|ARM.Deploy.0 = Release|ARM
		{F63813BA-FFC4-4285-A3C3-CBD3C16283FF}.Release|iPhone.ActiveCfg = Release|x86
		{F63813BA-FFC4-4285-A3C3-CBD3C16283FF}.Release|iPhone.Build.0 = Release|x86
		{F63813BA-FFC4-4285-A3C3-CBD3C16283FF}.Release|iPhone.Deploy.0 = Release|x86
		{F63813BA-FFC4-4285-A3C3-CBD3C16283FF}.Release|iPhoneSimulator.ActiveCfg = Release|x86
		{F63813BA-FFC4-4285-A3C3-CBD3C16283FF}.Release|iPhoneSimulator.Build.0 = Release|x86
		{F63813BA-FFC4-4285-A3C3-CBD3C16283FF}.Release|iPhoneSimulator.Deploy.0 = Release|x86
		{F63813BA-FFC4-4285-A3C3-CBD3C16283FF}.Release|x64.ActiveCfg = Release|x64
		{F63813BA-FFC4-4285-A3C3-CBD3C16283FF}.Release|x64.Build.0 = Release|x64
		{F63813BA-FFC4-4285-A3C3-CBD3C16283FF}.Release|x64.Deploy.0 = Release|x64
		{F63813BA-FFC4-4285-A3C3-CBD3C16283FF}.Release|x86.ActiveCfg = Release|x86
		{F63813BA-FFC4-4285-A3C3-CBD3C16283FF}.Release|x86.Build.0 = Release|x86
		{F63813BA-FFC4-4285-A3C3-CBD3C16283FF}.Release|x86.Deploy.0 = Release|x86
		{8B9854B8-F1D7-472E-A33D-DF104BFDF4BA}.Debug|Any CPU.ActiveCfg = Debug|Any CPU
		{8B9854B8-F1D7-472E-A33D-DF104BFDF4BA}.Debug|Any CPU.Build.0 = Debug|Any CPU
		{8B9854B8-F1D7-472E-A33D-DF104BFDF4BA}.Debug|Any CPU.Deploy.0 = Debug|Any CPU
		{8B9854B8-F1D7-472E-A33D-DF104BFDF4BA}.Debug|ARM.ActiveCfg = Debug|Any CPU
		{8B9854B8-F1D7-472E-A33D-DF104BFDF4BA}.Debug|ARM.Build.0 = Debug|Any CPU
		{8B9854B8-F1D7-472E-A33D-DF104BFDF4BA}.Debug|ARM.Deploy.0 = Debug|Any CPU
		{8B9854B8-F1D7-472E-A33D-DF104BFDF4BA}.Debug|iPhone.ActiveCfg = Debug|Any CPU
		{8B9854B8-F1D7-472E-A33D-DF104BFDF4BA}.Debug|iPhone.Build.0 = Debug|Any CPU
		{8B9854B8-F1D7-472E-A33D-DF104BFDF4BA}.Debug|iPhone.Deploy.0 = Debug|Any CPU
		{8B9854B8-F1D7-472E-A33D-DF104BFDF4BA}.Debug|iPhoneSimulator.ActiveCfg = Debug|Any CPU
		{8B9854B8-F1D7-472E-A33D-DF104BFDF4BA}.Debug|iPhoneSimulator.Build.0 = Debug|Any CPU
		{8B9854B8-F1D7-472E-A33D-DF104BFDF4BA}.Debug|iPhoneSimulator.Deploy.0 = Debug|Any CPU
		{8B9854B8-F1D7-472E-A33D-DF104BFDF4BA}.Debug|x64.ActiveCfg = Debug|Any CPU
		{8B9854B8-F1D7-472E-A33D-DF104BFDF4BA}.Debug|x64.Build.0 = Debug|Any CPU
		{8B9854B8-F1D7-472E-A33D-DF104BFDF4BA}.Debug|x64.Deploy.0 = Debug|Any CPU
		{8B9854B8-F1D7-472E-A33D-DF104BFDF4BA}.Debug|x86.ActiveCfg = Debug|Any CPU
		{8B9854B8-F1D7-472E-A33D-DF104BFDF4BA}.Debug|x86.Build.0 = Debug|Any CPU
		{8B9854B8-F1D7-472E-A33D-DF104BFDF4BA}.Debug|x86.Deploy.0 = Debug|Any CPU
		{8B9854B8-F1D7-472E-A33D-DF104BFDF4BA}.Release|Any CPU.ActiveCfg = Release|Any CPU
		{8B9854B8-F1D7-472E-A33D-DF104BFDF4BA}.Release|Any CPU.Build.0 = Release|Any CPU
		{8B9854B8-F1D7-472E-A33D-DF104BFDF4BA}.Release|Any CPU.Deploy.0 = Release|Any CPU
		{8B9854B8-F1D7-472E-A33D-DF104BFDF4BA}.Release|ARM.ActiveCfg = Release|Any CPU
		{8B9854B8-F1D7-472E-A33D-DF104BFDF4BA}.Release|ARM.Build.0 = Release|Any CPU
		{8B9854B8-F1D7-472E-A33D-DF104BFDF4BA}.Release|ARM.Deploy.0 = Release|Any CPU
		{8B9854B8-F1D7-472E-A33D-DF104BFDF4BA}.Release|iPhone.ActiveCfg = Release|Any CPU
		{8B9854B8-F1D7-472E-A33D-DF104BFDF4BA}.Release|iPhone.Build.0 = Release|Any CPU
		{8B9854B8-F1D7-472E-A33D-DF104BFDF4BA}.Release|iPhone.Deploy.0 = Release|Any CPU
		{8B9854B8-F1D7-472E-A33D-DF104BFDF4BA}.Release|iPhoneSimulator.ActiveCfg = Release|Any CPU
		{8B9854B8-F1D7-472E-A33D-DF104BFDF4BA}.Release|iPhoneSimulator.Build.0 = Release|Any CPU
		{8B9854B8-F1D7-472E-A33D-DF104BFDF4BA}.Release|iPhoneSimulator.Deploy.0 = Release|Any CPU
		{8B9854B8-F1D7-472E-A33D-DF104BFDF4BA}.Release|x64.ActiveCfg = Release|Any CPU
		{8B9854B8-F1D7-472E-A33D-DF104BFDF4BA}.Release|x64.Build.0 = Release|Any CPU
		{8B9854B8-F1D7-472E-A33D-DF104BFDF4BA}.Release|x64.Deploy.0 = Release|Any CPU
		{8B9854B8-F1D7-472E-A33D-DF104BFDF4BA}.Release|x86.ActiveCfg = Release|Any CPU
		{8B9854B8-F1D7-472E-A33D-DF104BFDF4BA}.Release|x86.Build.0 = Release|Any CPU
		{8B9854B8-F1D7-472E-A33D-DF104BFDF4BA}.Release|x86.Deploy.0 = Release|Any CPU
		{3F87AFFE-7F0E-4960-9CD3-9ED2F26FBF95}.Debug|Any CPU.ActiveCfg = Debug|iPhoneSimulator
		{3F87AFFE-7F0E-4960-9CD3-9ED2F26FBF95}.Debug|Any CPU.Build.0 = Debug|iPhoneSimulator
		{3F87AFFE-7F0E-4960-9CD3-9ED2F26FBF95}.Debug|Any CPU.Deploy.0 = Debug|iPhoneSimulator
		{3F87AFFE-7F0E-4960-9CD3-9ED2F26FBF95}.Debug|ARM.ActiveCfg = Debug|iPhone
		{3F87AFFE-7F0E-4960-9CD3-9ED2F26FBF95}.Debug|ARM.Build.0 = Debug|iPhone
		{3F87AFFE-7F0E-4960-9CD3-9ED2F26FBF95}.Debug|ARM.Deploy.0 = Debug|iPhone
		{3F87AFFE-7F0E-4960-9CD3-9ED2F26FBF95}.Debug|iPhone.ActiveCfg = Debug|iPhone
		{3F87AFFE-7F0E-4960-9CD3-9ED2F26FBF95}.Debug|iPhone.Build.0 = Debug|iPhone
		{3F87AFFE-7F0E-4960-9CD3-9ED2F26FBF95}.Debug|iPhone.Deploy.0 = Debug|iPhone
		{3F87AFFE-7F0E-4960-9CD3-9ED2F26FBF95}.Debug|iPhoneSimulator.ActiveCfg = Debug|iPhoneSimulator
		{3F87AFFE-7F0E-4960-9CD3-9ED2F26FBF95}.Debug|iPhoneSimulator.Build.0 = Debug|iPhoneSimulator
		{3F87AFFE-7F0E-4960-9CD3-9ED2F26FBF95}.Debug|iPhoneSimulator.Deploy.0 = Debug|iPhoneSimulator
		{3F87AFFE-7F0E-4960-9CD3-9ED2F26FBF95}.Debug|x64.ActiveCfg = Debug|iPhoneSimulator
		{3F87AFFE-7F0E-4960-9CD3-9ED2F26FBF95}.Debug|x64.Build.0 = Debug|iPhoneSimulator
		{3F87AFFE-7F0E-4960-9CD3-9ED2F26FBF95}.Debug|x64.Deploy.0 = Debug|iPhoneSimulator
		{3F87AFFE-7F0E-4960-9CD3-9ED2F26FBF95}.Debug|x86.ActiveCfg = Debug|iPhoneSimulator
		{3F87AFFE-7F0E-4960-9CD3-9ED2F26FBF95}.Debug|x86.Build.0 = Debug|iPhoneSimulator
		{3F87AFFE-7F0E-4960-9CD3-9ED2F26FBF95}.Debug|x86.Deploy.0 = Debug|iPhoneSimulator
		{3F87AFFE-7F0E-4960-9CD3-9ED2F26FBF95}.Release|Any CPU.ActiveCfg = Release|iPhoneSimulator
		{3F87AFFE-7F0E-4960-9CD3-9ED2F26FBF95}.Release|Any CPU.Build.0 = Release|iPhoneSimulator
		{3F87AFFE-7F0E-4960-9CD3-9ED2F26FBF95}.Release|Any CPU.Deploy.0 = Release|iPhoneSimulator
		{3F87AFFE-7F0E-4960-9CD3-9ED2F26FBF95}.Release|ARM.ActiveCfg = Release|iPhoneSimulator
		{3F87AFFE-7F0E-4960-9CD3-9ED2F26FBF95}.Release|ARM.Build.0 = Release|iPhoneSimulator
		{3F87AFFE-7F0E-4960-9CD3-9ED2F26FBF95}.Release|ARM.Deploy.0 = Release|iPhoneSimulator
		{3F87AFFE-7F0E-4960-9CD3-9ED2F26FBF95}.Release|iPhone.ActiveCfg = Release|iPhone
		{3F87AFFE-7F0E-4960-9CD3-9ED2F26FBF95}.Release|iPhone.Build.0 = Release|iPhone
		{3F87AFFE-7F0E-4960-9CD3-9ED2F26FBF95}.Release|iPhone.Deploy.0 = Release|iPhone
		{3F87AFFE-7F0E-4960-9CD3-9ED2F26FBF95}.Release|iPhoneSimulator.ActiveCfg = Release|iPhoneSimulator
		{3F87AFFE-7F0E-4960-9CD3-9ED2F26FBF95}.Release|iPhoneSimulator.Build.0 = Release|iPhoneSimulator
		{3F87AFFE-7F0E-4960-9CD3-9ED2F26FBF95}.Release|iPhoneSimulator.Deploy.0 = Release|iPhoneSimulator
		{3F87AFFE-7F0E-4960-9CD3-9ED2F26FBF95}.Release|x64.ActiveCfg = Release|iPhoneSimulator
		{3F87AFFE-7F0E-4960-9CD3-9ED2F26FBF95}.Release|x64.Build.0 = Release|iPhoneSimulator
		{3F87AFFE-7F0E-4960-9CD3-9ED2F26FBF95}.Release|x64.Deploy.0 = Release|iPhoneSimulator
		{3F87AFFE-7F0E-4960-9CD3-9ED2F26FBF95}.Release|x86.ActiveCfg = Release|iPhoneSimulator
		{3F87AFFE-7F0E-4960-9CD3-9ED2F26FBF95}.Release|x86.Build.0 = Release|iPhoneSimulator
		{3F87AFFE-7F0E-4960-9CD3-9ED2F26FBF95}.Release|x86.Deploy.0 = Release|iPhoneSimulator
		{C02267CC-6D0B-47C9-84FA-933E2B1D7160}.Debug|Any CPU.ActiveCfg = Debug|Any CPU
		{C02267CC-6D0B-47C9-84FA-933E2B1D7160}.Debug|Any CPU.Build.0 = Debug|Any CPU
		{C02267CC-6D0B-47C9-84FA-933E2B1D7160}.Debug|Any CPU.Deploy.0 = Debug|Any CPU
		{C02267CC-6D0B-47C9-84FA-933E2B1D7160}.Debug|ARM.ActiveCfg = Debug|Any CPU
		{C02267CC-6D0B-47C9-84FA-933E2B1D7160}.Debug|ARM.Build.0 = Debug|Any CPU
		{C02267CC-6D0B-47C9-84FA-933E2B1D7160}.Debug|ARM.Deploy.0 = Debug|Any CPU
		{C02267CC-6D0B-47C9-84FA-933E2B1D7160}.Debug|iPhone.ActiveCfg = Debug|Any CPU
		{C02267CC-6D0B-47C9-84FA-933E2B1D7160}.Debug|iPhone.Build.0 = Debug|Any CPU
		{C02267CC-6D0B-47C9-84FA-933E2B1D7160}.Debug|iPhone.Deploy.0 = Debug|Any CPU
		{C02267CC-6D0B-47C9-84FA-933E2B1D7160}.Debug|iPhoneSimulator.ActiveCfg = Debug|Any CPU
		{C02267CC-6D0B-47C9-84FA-933E2B1D7160}.Debug|iPhoneSimulator.Build.0 = Debug|Any CPU
		{C02267CC-6D0B-47C9-84FA-933E2B1D7160}.Debug|iPhoneSimulator.Deploy.0 = Debug|Any CPU
		{C02267CC-6D0B-47C9-84FA-933E2B1D7160}.Debug|x64.ActiveCfg = Debug|Any CPU
		{C02267CC-6D0B-47C9-84FA-933E2B1D7160}.Debug|x64.Build.0 = Debug|Any CPU
		{C02267CC-6D0B-47C9-84FA-933E2B1D7160}.Debug|x64.Deploy.0 = Debug|Any CPU
		{C02267CC-6D0B-47C9-84FA-933E2B1D7160}.Debug|x86.ActiveCfg = Debug|Any CPU
		{C02267CC-6D0B-47C9-84FA-933E2B1D7160}.Debug|x86.Build.0 = Debug|Any CPU
		{C02267CC-6D0B-47C9-84FA-933E2B1D7160}.Debug|x86.Deploy.0 = Debug|Any CPU
		{C02267CC-6D0B-47C9-84FA-933E2B1D7160}.Release|Any CPU.ActiveCfg = Release|Any CPU
		{C02267CC-6D0B-47C9-84FA-933E2B1D7160}.Release|Any CPU.Build.0 = Release|Any CPU
		{C02267CC-6D0B-47C9-84FA-933E2B1D7160}.Release|Any CPU.Deploy.0 = Release|Any CPU
		{C02267CC-6D0B-47C9-84FA-933E2B1D7160}.Release|ARM.ActiveCfg = Release|Any CPU
		{C02267CC-6D0B-47C9-84FA-933E2B1D7160}.Release|ARM.Build.0 = Release|Any CPU
		{C02267CC-6D0B-47C9-84FA-933E2B1D7160}.Release|ARM.Deploy.0 = Release|Any CPU
		{C02267CC-6D0B-47C9-84FA-933E2B1D7160}.Release|iPhone.ActiveCfg = Release|Any CPU
		{C02267CC-6D0B-47C9-84FA-933E2B1D7160}.Release|iPhone.Build.0 = Release|Any CPU
		{C02267CC-6D0B-47C9-84FA-933E2B1D7160}.Release|iPhone.Deploy.0 = Release|Any CPU
		{C02267CC-6D0B-47C9-84FA-933E2B1D7160}.Release|iPhoneSimulator.ActiveCfg = Release|Any CPU
		{C02267CC-6D0B-47C9-84FA-933E2B1D7160}.Release|iPhoneSimulator.Build.0 = Release|Any CPU
		{C02267CC-6D0B-47C9-84FA-933E2B1D7160}.Release|iPhoneSimulator.Deploy.0 = Release|Any CPU
		{C02267CC-6D0B-47C9-84FA-933E2B1D7160}.Release|x64.ActiveCfg = Release|Any CPU
		{C02267CC-6D0B-47C9-84FA-933E2B1D7160}.Release|x64.Build.0 = Release|Any CPU
		{C02267CC-6D0B-47C9-84FA-933E2B1D7160}.Release|x64.Deploy.0 = Release|Any CPU
		{C02267CC-6D0B-47C9-84FA-933E2B1D7160}.Release|x86.ActiveCfg = Release|Any CPU
		{C02267CC-6D0B-47C9-84FA-933E2B1D7160}.Release|x86.Build.0 = Release|Any CPU
		{C02267CC-6D0B-47C9-84FA-933E2B1D7160}.Release|x86.Deploy.0 = Release|Any CPU
	EndGlobalSection
	GlobalSection(SolutionProperties) = preSolution
		HideSolutionNode = FALSE
	EndGlobalSection
	GlobalSection(ExtensibilityGlobals) = postSolution
		SolutionGuid = {BFBADD9E-489C-4AA3-A0D3-B2BB626853D8}
	EndGlobalSection
EndGlobal
